// !$*UTF8*$!
{
	archiveVersion = 1;
	classes = {
	};
	objectVersion = 50;
	objects = {

/* Begin PBXBuildFile section */
		441178E424A10C31003FD7B2 /* 123.png in Resources */ = {isa = PBXBuildFile; fileRef = 441178E324A10C31003FD7B2 /* 123.png */; };
		44AEFF8B24AC2494005A7E58 /* Student.m in Sources */ = {isa = PBXBuildFile; fileRef = 44AEFF8A24AC2494005A7E58 /* Student.m */; };
		44AEFF8E24AC2734005A7E58 /* nextViewController.m in Sources */ = {isa = PBXBuildFile; fileRef = 44AEFF8D24AC2734005A7E58 /* nextViewController.m */; };
		44FFE08B249F8377005D9C37 /* SRWebSocket.m in Sources */ = {isa = PBXBuildFile; fileRef = 44FFE089249F8377005D9C37 /* SRWebSocket.m */; };
		44FFE08F249F83C4005D9C37 /* WebSocketManager.m in Sources */ = {isa = PBXBuildFile; fileRef = 44FFE08D249F83C4005D9C37 /* WebSocketManager.m */; };
		44FFE092249F83DF005D9C37 /* BTWebSocketViewController.m in Sources */ = {isa = PBXBuildFile; fileRef = 44FFE091249F83DF005D9C37 /* BTWebSocketViewController.m */; };
		4B75022626453606002868C2 /* YogaViewController.m in Sources */ = {isa = PBXBuildFile; fileRef = 4B75022526453606002868C2 /* YogaViewController.m */; };
		851576DD24EE1EDB00446DE6 /* UIView+Expand.m in Sources */ = {isa = PBXBuildFile; fileRef = 851576DC24EE1EDB00446DE6 /* UIView+Expand.m */; };
		8519F42F249358CC00528571 /* AppDelegate.m in Sources */ = {isa = PBXBuildFile; fileRef = 8519F42E249358CC00528571 /* AppDelegate.m */; };
		8519F432249358CC00528571 /* SceneDelegate.m in Sources */ = {isa = PBXBuildFile; fileRef = 8519F431249358CC00528571 /* SceneDelegate.m */; };
		8519F435249358CC00528571 /* ViewController.m in Sources */ = {isa = PBXBuildFile; fileRef = 8519F434249358CC00528571 /* ViewController.m */; };
		8519F438249358CC00528571 /* Main.storyboard in Resources */ = {isa = PBXBuildFile; fileRef = 8519F436249358CC00528571 /* Main.storyboard */; };
		8519F43A249358D100528571 /* Assets.xcassets in Resources */ = {isa = PBXBuildFile; fileRef = 8519F439249358D100528571 /* Assets.xcassets */; };
		8519F43D249358D100528571 /* LaunchScreen.storyboard in Resources */ = {isa = PBXBuildFile; fileRef = 8519F43B249358D100528571 /* LaunchScreen.storyboard */; };
		8519F440249358D100528571 /* main.m in Sources */ = {isa = PBXBuildFile; fileRef = 8519F43F249358D100528571 /* main.m */; };
		852D16242500992800B84F87 /* NSObject+Weak.m in Sources */ = {isa = PBXBuildFile; fileRef = 852D16232500992800B84F87 /* NSObject+Weak.m */; };
		852D162725009A8600B84F87 /* NSObject+weakAssociatedPointer.m in Sources */ = {isa = PBXBuildFile; fileRef = 852D162625009A8600B84F87 /* NSObject+weakAssociatedPointer.m */; };
		852D162B2500CEBD00B84F87 /* NSObject+Default.m in Sources */ = {isa = PBXBuildFile; fileRef = 852D162A2500CEBD00B84F87 /* NSObject+Default.m */; };
		852D162E2502215300B84F87 /* WeakAssociatedObjectWrapper.m in Sources */ = {isa = PBXBuildFile; fileRef = 852D162D2502215300B84F87 /* WeakAssociatedObjectWrapper.m */; };
		852D1634250221AA00B84F87 /* NSObject+weakTwo.m in Sources */ = {isa = PBXBuildFile; fileRef = 852D1633250221AA00B84F87 /* NSObject+weakTwo.m */; };
		85898B0D24F413C9001E690C /* LXTestObj.m in Sources */ = {isa = PBXBuildFile; fileRef = 85898B0C24F413C9001E690C /* LXTestObj.m */; };
		859321F424FF7B750035C7DD /* NSObject+cat.m in Sources */ = {isa = PBXBuildFile; fileRef = 859321F324FF7B750035C7DD /* NSObject+cat.m */; };
		85A392FB24F7A4E50022E8CC /* SubStudent.m in Sources */ = {isa = PBXBuildFile; fileRef = 85A392FA24F7A4E50022E8CC /* SubStudent.m */; };
		85A392FF24F7AD5E0022E8CC /* PaintViewController.m in Sources */ = {isa = PBXBuildFile; fileRef = 85A392FE24F7AD5E0022E8CC /* PaintViewController.m */; };
		85A3930224F7AD730022E8CC /* PaintButtonsView.m in Sources */ = {isa = PBXBuildFile; fileRef = 85A3930124F7AD730022E8CC /* PaintButtonsView.m */; };
		85A3930524F7AD850022E8CC /* PaintDrawView.m in Sources */ = {isa = PBXBuildFile; fileRef = 85A3930424F7AD850022E8CC /* PaintDrawView.m */; };
		85A3930A24F8E4710022E8CC /* DesignCanvasViewController.m in Sources */ = {isa = PBXBuildFile; fileRef = 85A3930924F8E4710022E8CC /* DesignCanvasViewController.m */; };
		85A45192250224C4000AB70B /* NSObject+WeakContainer.m in Sources */ = {isa = PBXBuildFile; fileRef = 85A45191250224C4000AB70B /* NSObject+WeakContainer.m */; };
		85A4519525023ACF000AB70B /* WeakSingleton.m in Sources */ = {isa = PBXBuildFile; fileRef = 85A4519425023ACF000AB70B /* WeakSingleton.m */; };
		85AFE17524F611A5000651B6 /* TestView.m in Sources */ = {isa = PBXBuildFile; fileRef = 85AFE17424F611A5000651B6 /* TestView.m */; };
		85AFE17824F639F0000651B6 /* BaseNetWorkModel.m in Sources */ = {isa = PBXBuildFile; fileRef = 85AFE17724F639F0000651B6 /* BaseNetWorkModel.m */; };
		85AFE17C24F63A89000651B6 /* ForwarDayModel.m in Sources */ = {isa = PBXBuildFile; fileRef = 85AFE17B24F63A89000651B6 /* ForwarDayModel.m */; };
		85B9675724C3472500C0ACF8 /* BTDrawView.m in Sources */ = {isa = PBXBuildFile; fileRef = 85B9675624C3472500C0ACF8 /* BTDrawView.m */; };
		85C2980524CD6A3C00328FA3 /* NSObject+KVOBlock.m in Sources */ = {isa = PBXBuildFile; fileRef = 85C2980324CD6A3C00328FA3 /* NSObject+KVOBlock.m */; };
		85C2980624CD6A3C00328FA3 /* SWKVOObserverItem.m in Sources */ = {isa = PBXBuildFile; fileRef = 85C2980424CD6A3C00328FA3 /* SWKVOObserverItem.m */; };
		E5DCD77F870C3410205D8845 /* Pods_BackTracking.framework in Frameworks */ = {isa = PBXBuildFile; fileRef = 19AB194DA06ED9F0A80C8199 /* Pods_BackTracking.framework */; };
/* End PBXBuildFile section */

/* Begin PBXFileReference section */
		10D530B297DEAC283B8FBB1F /* Pods-BackTracking.release.xcconfig */ = {isa = PBXFileReference; includeInIndex = 1; lastKnownFileType = text.xcconfig; name = "Pods-BackTracking.release.xcconfig"; path = "Target Support Files/Pods-BackTracking/Pods-BackTracking.release.xcconfig"; sourceTree = "<group>"; };
		19AB194DA06ED9F0A80C8199 /* Pods_BackTracking.framework */ = {isa = PBXFileReference; explicitFileType = wrapper.framework; includeInIndex = 0; path = Pods_BackTracking.framework; sourceTree = BUILT_PRODUCTS_DIR; };
		441178E324A10C31003FD7B2 /* 123.png */ = {isa = PBXFileReference; lastKnownFileType = image.png; path = 123.png; sourceTree = "<group>"; };
		44AEFF8924AC2494005A7E58 /* Student.h */ = {isa = PBXFileReference; lastKnownFileType = sourcecode.c.h; path = Student.h; sourceTree = "<group>"; };
		44AEFF8A24AC2494005A7E58 /* Student.m */ = {isa = PBXFileReference; lastKnownFileType = sourcecode.c.objc; path = Student.m; sourceTree = "<group>"; };
		44AEFF8C24AC2734005A7E58 /* nextViewController.h */ = {isa = PBXFileReference; lastKnownFileType = sourcecode.c.h; path = nextViewController.h; sourceTree = "<group>"; };
		44AEFF8D24AC2734005A7E58 /* nextViewController.m */ = {isa = PBXFileReference; lastKnownFileType = sourcecode.c.objc; path = nextViewController.m; sourceTree = "<group>"; };
		44FFE089249F8377005D9C37 /* SRWebSocket.m */ = {isa = PBXFileReference; fileEncoding = 4; lastKnownFileType = sourcecode.c.objc; path = SRWebSocket.m; sourceTree = "<group>"; };
		44FFE08A249F8377005D9C37 /* SRWebSocket.h */ = {isa = PBXFileReference; fileEncoding = 4; lastKnownFileType = sourcecode.c.h; path = SRWebSocket.h; sourceTree = "<group>"; };
		44FFE08C249F8393005D9C37 /* SocketRocket.h */ = {isa = PBXFileReference; lastKnownFileType = sourcecode.c.h; path = SocketRocket.h; sourceTree = "<group>"; };
		44FFE08D249F83C4005D9C37 /* WebSocketManager.m */ = {isa = PBXFileReference; fileEncoding = 4; lastKnownFileType = sourcecode.c.objc; path = WebSocketManager.m; sourceTree = "<group>"; };
		44FFE08E249F83C4005D9C37 /* WebSocketManager.h */ = {isa = PBXFileReference; fileEncoding = 4; lastKnownFileType = sourcecode.c.h; path = WebSocketManager.h; sourceTree = "<group>"; };
		44FFE090249F83DF005D9C37 /* BTWebSocketViewController.h */ = {isa = PBXFileReference; lastKnownFileType = sourcecode.c.h; path = BTWebSocketViewController.h; sourceTree = "<group>"; };
		44FFE091249F83DF005D9C37 /* BTWebSocketViewController.m */ = {isa = PBXFileReference; lastKnownFileType = sourcecode.c.objc; path = BTWebSocketViewController.m; sourceTree = "<group>"; };
		4B75022426453606002868C2 /* YogaViewController.h */ = {isa = PBXFileReference; lastKnownFileType = sourcecode.c.h; path = YogaViewController.h; sourceTree = "<group>"; };
		4B75022526453606002868C2 /* YogaViewController.m */ = {isa = PBXFileReference; lastKnownFileType = sourcecode.c.objc; path = YogaViewController.m; sourceTree = "<group>"; };
		6E8FF4A8C528E037358CF2E2 /* Pods-BackTracking.debug.xcconfig */ = {isa = PBXFileReference; includeInIndex = 1; lastKnownFileType = text.xcconfig; name = "Pods-BackTracking.debug.xcconfig"; path = "Target Support Files/Pods-BackTracking/Pods-BackTracking.debug.xcconfig"; sourceTree = "<group>"; };
		851576DB24EE1EDB00446DE6 /* UIView+Expand.h */ = {isa = PBXFileReference; lastKnownFileType = sourcecode.c.h; path = "UIView+Expand.h"; sourceTree = "<group>"; };
		851576DC24EE1EDB00446DE6 /* UIView+Expand.m */ = {isa = PBXFileReference; lastKnownFileType = sourcecode.c.objc; path = "UIView+Expand.m"; sourceTree = "<group>"; };
		8519F42A249358CC00528571 /* BackTracking.app */ = {isa = PBXFileReference; explicitFileType = wrapper.application; includeInIndex = 0; path = BackTracking.app; sourceTree = BUILT_PRODUCTS_DIR; };
		8519F42D249358CC00528571 /* AppDelegate.h */ = {isa = PBXFileReference; lastKnownFileType = sourcecode.c.h; path = AppDelegate.h; sourceTree = "<group>"; };
		8519F42E249358CC00528571 /* AppDelegate.m */ = {isa = PBXFileReference; lastKnownFileType = sourcecode.c.objc; path = AppDelegate.m; sourceTree = "<group>"; };
		8519F430249358CC00528571 /* SceneDelegate.h */ = {isa = PBXFileReference; lastKnownFileType = sourcecode.c.h; path = SceneDelegate.h; sourceTree = "<group>"; };
		8519F431249358CC00528571 /* SceneDelegate.m */ = {isa = PBXFileReference; lastKnownFileType = sourcecode.c.objc; path = SceneDelegate.m; sourceTree = "<group>"; };
		8519F433249358CC00528571 /* ViewController.h */ = {isa = PBXFileReference; lastKnownFileType = sourcecode.c.h; path = ViewController.h; sourceTree = "<group>"; };
		8519F434249358CC00528571 /* ViewController.m */ = {isa = PBXFileReference; lastKnownFileType = sourcecode.c.objc; path = ViewController.m; sourceTree = "<group>"; };
		8519F437249358CC00528571 /* Base */ = {isa = PBXFileReference; lastKnownFileType = file.storyboard; name = Base; path = Base.lproj/Main.storyboard; sourceTree = "<group>"; };
		8519F439249358D100528571 /* Assets.xcassets */ = {isa = PBXFileReference; lastKnownFileType = folder.assetcatalog; path = Assets.xcassets; sourceTree = "<group>"; };
		8519F43C249358D100528571 /* Base */ = {isa = PBXFileReference; lastKnownFileType = file.storyboard; name = Base; path = Base.lproj/LaunchScreen.storyboard; sourceTree = "<group>"; };
		8519F43E249358D100528571 /* Info.plist */ = {isa = PBXFileReference; lastKnownFileType = text.plist.xml; path = Info.plist; sourceTree = "<group>"; };
		8519F43F249358D100528571 /* main.m */ = {isa = PBXFileReference; lastKnownFileType = sourcecode.c.objc; path = main.m; sourceTree = "<group>"; };
		852D16222500992800B84F87 /* NSObject+Weak.h */ = {isa = PBXFileReference; lastKnownFileType = sourcecode.c.h; path = "NSObject+Weak.h"; sourceTree = "<group>"; };
		852D16232500992800B84F87 /* NSObject+Weak.m */ = {isa = PBXFileReference; lastKnownFileType = sourcecode.c.objc; path = "NSObject+Weak.m"; sourceTree = "<group>"; };
		852D162525009A8600B84F87 /* NSObject+weakAssociatedPointer.h */ = {isa = PBXFileReference; lastKnownFileType = sourcecode.c.h; path = "NSObject+weakAssociatedPointer.h"; sourceTree = "<group>"; };
		852D162625009A8600B84F87 /* NSObject+weakAssociatedPointer.m */ = {isa = PBXFileReference; lastKnownFileType = sourcecode.c.objc; path = "NSObject+weakAssociatedPointer.m"; sourceTree = "<group>"; };
		852D16292500CEBD00B84F87 /* NSObject+Default.h */ = {isa = PBXFileReference; lastKnownFileType = sourcecode.c.h; path = "NSObject+Default.h"; sourceTree = "<group>"; };
		852D162A2500CEBD00B84F87 /* NSObject+Default.m */ = {isa = PBXFileReference; lastKnownFileType = sourcecode.c.objc; path = "NSObject+Default.m"; sourceTree = "<group>"; };
		852D162C2502215300B84F87 /* WeakAssociatedObjectWrapper.h */ = {isa = PBXFileReference; lastKnownFileType = sourcecode.c.h; path = WeakAssociatedObjectWrapper.h; sourceTree = "<group>"; };
		852D162D2502215300B84F87 /* WeakAssociatedObjectWrapper.m */ = {isa = PBXFileReference; lastKnownFileType = sourcecode.c.objc; path = WeakAssociatedObjectWrapper.m; sourceTree = "<group>"; };
		852D1632250221AA00B84F87 /* NSObject+weakTwo.h */ = {isa = PBXFileReference; lastKnownFileType = sourcecode.c.h; path = "NSObject+weakTwo.h"; sourceTree = "<group>"; };
		852D1633250221AA00B84F87 /* NSObject+weakTwo.m */ = {isa = PBXFileReference; lastKnownFileType = sourcecode.c.objc; path = "NSObject+weakTwo.m"; sourceTree = "<group>"; };
		85898B0B24F413C9001E690C /* LXTestObj.h */ = {isa = PBXFileReference; lastKnownFileType = sourcecode.c.h; path = LXTestObj.h; sourceTree = "<group>"; };
		85898B0C24F413C9001E690C /* LXTestObj.m */ = {isa = PBXFileReference; lastKnownFileType = sourcecode.c.objc; path = LXTestObj.m; sourceTree = "<group>"; };
		859321F224FF7B750035C7DD /* NSObject+cat.h */ = {isa = PBXFileReference; lastKnownFileType = sourcecode.c.h; path = "NSObject+cat.h"; sourceTree = "<group>"; };
		859321F324FF7B750035C7DD /* NSObject+cat.m */ = {isa = PBXFileReference; lastKnownFileType = sourcecode.c.objc; path = "NSObject+cat.m"; sourceTree = "<group>"; };
		85A392F924F7A4E50022E8CC /* SubStudent.h */ = {isa = PBXFileReference; lastKnownFileType = sourcecode.c.h; path = SubStudent.h; sourceTree = "<group>"; };
		85A392FA24F7A4E50022E8CC /* SubStudent.m */ = {isa = PBXFileReference; lastKnownFileType = sourcecode.c.objc; path = SubStudent.m; sourceTree = "<group>"; };
		85A392FD24F7AD5E0022E8CC /* PaintViewController.h */ = {isa = PBXFileReference; lastKnownFileType = sourcecode.c.h; path = PaintViewController.h; sourceTree = "<group>"; };
		85A392FE24F7AD5E0022E8CC /* PaintViewController.m */ = {isa = PBXFileReference; lastKnownFileType = sourcecode.c.objc; path = PaintViewController.m; sourceTree = "<group>"; };
		85A3930024F7AD730022E8CC /* PaintButtonsView.h */ = {isa = PBXFileReference; lastKnownFileType = sourcecode.c.h; path = PaintButtonsView.h; sourceTree = "<group>"; };
		85A3930124F7AD730022E8CC /* PaintButtonsView.m */ = {isa = PBXFileReference; lastKnownFileType = sourcecode.c.objc; path = PaintButtonsView.m; sourceTree = "<group>"; };
		85A3930324F7AD850022E8CC /* PaintDrawView.h */ = {isa = PBXFileReference; lastKnownFileType = sourcecode.c.h; path = PaintDrawView.h; sourceTree = "<group>"; };
		85A3930424F7AD850022E8CC /* PaintDrawView.m */ = {isa = PBXFileReference; lastKnownFileType = sourcecode.c.objc; path = PaintDrawView.m; sourceTree = "<group>"; };
		85A3930824F8E4710022E8CC /* DesignCanvasViewController.h */ = {isa = PBXFileReference; lastKnownFileType = sourcecode.c.h; path = DesignCanvasViewController.h; sourceTree = "<group>"; };
		85A3930924F8E4710022E8CC /* DesignCanvasViewController.m */ = {isa = PBXFileReference; lastKnownFileType = sourcecode.c.objc; path = DesignCanvasViewController.m; sourceTree = "<group>"; };
		85A45190250224C4000AB70B /* NSObject+WeakContainer.h */ = {isa = PBXFileReference; lastKnownFileType = sourcecode.c.h; path = "NSObject+WeakContainer.h"; sourceTree = "<group>"; };
		85A45191250224C4000AB70B /* NSObject+WeakContainer.m */ = {isa = PBXFileReference; lastKnownFileType = sourcecode.c.objc; path = "NSObject+WeakContainer.m"; sourceTree = "<group>"; };
		85A4519325023ACF000AB70B /* WeakSingleton.h */ = {isa = PBXFileReference; lastKnownFileType = sourcecode.c.h; path = WeakSingleton.h; sourceTree = "<group>"; };
		85A4519425023ACF000AB70B /* WeakSingleton.m */ = {isa = PBXFileReference; lastKnownFileType = sourcecode.c.objc; path = WeakSingleton.m; sourceTree = "<group>"; };
		85AFE17324F611A5000651B6 /* TestView.h */ = {isa = PBXFileReference; lastKnownFileType = sourcecode.c.h; path = TestView.h; sourceTree = "<group>"; };
		85AFE17424F611A5000651B6 /* TestView.m */ = {isa = PBXFileReference; lastKnownFileType = sourcecode.c.objc; path = TestView.m; sourceTree = "<group>"; };
		85AFE17624F639F0000651B6 /* BaseNetWorkModel.h */ = {isa = PBXFileReference; lastKnownFileType = sourcecode.c.h; path = BaseNetWorkModel.h; sourceTree = "<group>"; };
		85AFE17724F639F0000651B6 /* BaseNetWorkModel.m */ = {isa = PBXFileReference; lastKnownFileType = sourcecode.c.objc; path = BaseNetWorkModel.m; sourceTree = "<group>"; };
		85AFE17A24F63A89000651B6 /* ForwarDayModel.h */ = {isa = PBXFileReference; lastKnownFileType = sourcecode.c.h; path = ForwarDayModel.h; sourceTree = "<group>"; };
		85AFE17B24F63A89000651B6 /* ForwarDayModel.m */ = {isa = PBXFileReference; lastKnownFileType = sourcecode.c.objc; path = ForwarDayModel.m; sourceTree = "<group>"; };
		85B9675524C3472500C0ACF8 /* BTDrawView.h */ = {isa = PBXFileReference; fileEncoding = 4; lastKnownFileType = sourcecode.c.h; path = BTDrawView.h; sourceTree = "<group>"; };
		85B9675624C3472500C0ACF8 /* BTDrawView.m */ = {isa = PBXFileReference; fileEncoding = 4; lastKnownFileType = sourcecode.c.objc; path = BTDrawView.m; sourceTree = "<group>"; };
		85C2980124CD6A3C00328FA3 /* SWKVOObserverItem.h */ = {isa = PBXFileReference; fileEncoding = 4; lastKnownFileType = sourcecode.c.h; path = SWKVOObserverItem.h; sourceTree = "<group>"; };
		85C2980224CD6A3C00328FA3 /* NSObject+KVOBlock.h */ = {isa = PBXFileReference; fileEncoding = 4; lastKnownFileType = sourcecode.c.h; path = "NSObject+KVOBlock.h"; sourceTree = "<group>"; };
		85C2980324CD6A3C00328FA3 /* NSObject+KVOBlock.m */ = {isa = PBXFileReference; fileEncoding = 4; lastKnownFileType = sourcecode.c.objc; path = "NSObject+KVOBlock.m"; sourceTree = "<group>"; };
		85C2980424CD6A3C00328FA3 /* SWKVOObserverItem.m */ = {isa = PBXFileReference; fileEncoding = 4; lastKnownFileType = sourcecode.c.objc; path = SWKVOObserverItem.m; sourceTree = "<group>"; };
		85C2980824CD6BCA00328FA3 /* kline_bonus.png */ = {isa = PBXFileReference; lastKnownFileType = image.png; path = kline_bonus.png; sourceTree = "<group>"; };
		CA5DC03E655F96DC526415EA /* Pods-BackTracking.release.xcconfig */ = {isa = PBXFileReference; includeInIndex = 1; lastKnownFileType = text.xcconfig; name = "Pods-BackTracking.release.xcconfig"; path = "Pods/Target Support Files/Pods-BackTracking/Pods-BackTracking.release.xcconfig"; sourceTree = "<group>"; };
/* End PBXFileReference section */

/* Begin PBXFrameworksBuildPhase section */
		8519F427249358CC00528571 /* Frameworks */ = {
			isa = PBXFrameworksBuildPhase;
			buildActionMask = 2147483647;
			files = (
				E5DCD77F870C3410205D8845 /* Pods_BackTracking.framework in Frameworks */,
			);
			runOnlyForDeploymentPostprocessing = 0;
		};
/* End PBXFrameworksBuildPhase section */

/* Begin PBXGroup section */
		44AEFF8F24AC3081005A7E58 /* KVO */ = {
			isa = PBXGroup;
			children = (
				85C2980024CD6A2D00328FA3 /* 手动模拟KVO */,
			);
			path = KVO;
			sourceTree = "<group>";
		};
		44FFE0812499047E005D9C37 /* Resources */ = {
			isa = PBXGroup;
			children = (
				85AFE17924F639F8000651B6 /* NetWork */,
				85C2980824CD6BCA00328FA3 /* kline_bonus.png */,
				441178E324A10C31003FD7B2 /* 123.png */,
			);
			path = Resources;
			sourceTree = "<group>";
		};
		44FFE084249904BD005D9C37 /* TestCode */ = {
			isa = PBXGroup;
			children = (
				85A392FC24F7AD1B0022E8CC /* Draw */,
				85B9675424C3471700C0ACF8 /* Animation */,
				44AEFF8924AC2494005A7E58 /* Student.h */,
				44AEFF8A24AC2494005A7E58 /* Student.m */,
				859321F224FF7B750035C7DD /* NSObject+cat.h */,
				859321F324FF7B750035C7DD /* NSObject+cat.m */,
				852D16222500992800B84F87 /* NSObject+Weak.h */,
				852D16232500992800B84F87 /* NSObject+Weak.m */,
				85A392F924F7A4E50022E8CC /* SubStudent.h */,
				85A392FA24F7A4E50022E8CC /* SubStudent.m */,
				852D16292500CEBD00B84F87 /* NSObject+Default.h */,
				852D162A2500CEBD00B84F87 /* NSObject+Default.m */,
				85AFE17324F611A5000651B6 /* TestView.h */,
				85AFE17424F611A5000651B6 /* TestView.m */,
				44AEFF8C24AC2734005A7E58 /* nextViewController.h */,
				44AEFF8D24AC2734005A7E58 /* nextViewController.m */,
				851576DB24EE1EDB00446DE6 /* UIView+Expand.h */,
				851576DC24EE1EDB00446DE6 /* UIView+Expand.m */,
				85898B0B24F413C9001E690C /* LXTestObj.h */,
				85898B0C24F413C9001E690C /* LXTestObj.m */,
			);
			path = TestCode;
			sourceTree = "<group>";
		};
		44FFE088249F836A005D9C37 /* WebSocket */ = {
			isa = PBXGroup;
			children = (
				44FFE08E249F83C4005D9C37 /* WebSocketManager.h */,
				44FFE08D249F83C4005D9C37 /* WebSocketManager.m */,
				44FFE08C249F8393005D9C37 /* SocketRocket.h */,
				44FFE08A249F8377005D9C37 /* SRWebSocket.h */,
				44FFE089249F8377005D9C37 /* SRWebSocket.m */,
				44FFE090249F83DF005D9C37 /* BTWebSocketViewController.h */,
				44FFE091249F83DF005D9C37 /* BTWebSocketViewController.m */,
			);
			path = WebSocket;
			sourceTree = "<group>";
		};
		4B75022226453565002868C2 /* Yoga */ = {
			isa = PBXGroup;
			children = (
				4B75022426453606002868C2 /* YogaViewController.h */,
				4B75022526453606002868C2 /* YogaViewController.m */,
			);
			path = Yoga;
			sourceTree = "<group>";
		};
		4BA8324126F594A300DBA717 /* Summary */ = {
			isa = PBXGroup;
			children = (
				85C2980724CD6B9300328FA3 /* Sum */,
				4B75022226453565002868C2 /* Yoga */,
			);
			path = Summary;
			sourceTree = "<group>";
		};
		8519F421249358CC00528571 = {
			isa = PBXGroup;
			children = (
				8519F42C249358CC00528571 /* BackTracking */,
				8519F42B249358CC00528571 /* Products */,
				A55285BD36C7D35B3850E248 /* Pods */,
				E9A383C01C6139AAA576C63B /* Frameworks */,
			);
			sourceTree = "<group>";
		};
		8519F42B249358CC00528571 /* Products */ = {
			isa = PBXGroup;
			children = (
				8519F42A249358CC00528571 /* BackTracking.app */,
			);
			name = Products;
			sourceTree = "<group>";
		};
		8519F42C249358CC00528571 /* BackTracking */ = {
			isa = PBXGroup;
			children = (
				4BA8324126F594A300DBA717 /* Summary */,
				44FFE084249904BD005D9C37 /* TestCode */,
				44FFE0812499047E005D9C37 /* Resources */,
				8519F42D249358CC00528571 /* AppDelegate.h */,
				8519F42E249358CC00528571 /* AppDelegate.m */,
				8519F430249358CC00528571 /* SceneDelegate.h */,
				8519F431249358CC00528571 /* SceneDelegate.m */,
				8519F433249358CC00528571 /* ViewController.h */,
				8519F434249358CC00528571 /* ViewController.m */,
				8519F436249358CC00528571 /* Main.storyboard */,
				8519F439249358D100528571 /* Assets.xcassets */,
				8519F43B249358D100528571 /* LaunchScreen.storyboard */,
				8519F43E249358D100528571 /* Info.plist */,
				8519F43F249358D100528571 /* main.m */,
			);
			path = BackTracking;
			sourceTree = "<group>";
		};
		852D162825009C1200B84F87 /* 关联对象 */ = {
			isa = PBXGroup;
			children = (
				852D162525009A8600B84F87 /* NSObject+weakAssociatedPointer.h */,
				852D162625009A8600B84F87 /* NSObject+weakAssociatedPointer.m */,
				852D162C2502215300B84F87 /* WeakAssociatedObjectWrapper.h */,
				852D162D2502215300B84F87 /* WeakAssociatedObjectWrapper.m */,
				852D1632250221AA00B84F87 /* NSObject+weakTwo.h */,
				852D1633250221AA00B84F87 /* NSObject+weakTwo.m */,
				85A45190250224C4000AB70B /* NSObject+WeakContainer.h */,
				85A45191250224C4000AB70B /* NSObject+WeakContainer.m */,
				85A4519325023ACF000AB70B /* WeakSingleton.h */,
				85A4519425023ACF000AB70B /* WeakSingleton.m */,
			);
			path = "关联对象";
			sourceTree = "<group>";
		};
		85A392FC24F7AD1B0022E8CC /* Draw */ = {
			isa = PBXGroup;
			children = (
				85A3930724F7B80D0022E8CC /* Design */,
				85A3930624F7B7FB0022E8CC /* Normal */,
			);
			path = Draw;
			sourceTree = "<group>";
		};
		85A3930624F7B7FB0022E8CC /* Normal */ = {
			isa = PBXGroup;
			children = (
				85A392FD24F7AD5E0022E8CC /* PaintViewController.h */,
				85A392FE24F7AD5E0022E8CC /* PaintViewController.m */,
				85A3930024F7AD730022E8CC /* PaintButtonsView.h */,
				85A3930124F7AD730022E8CC /* PaintButtonsView.m */,
				85A3930324F7AD850022E8CC /* PaintDrawView.h */,
				85A3930424F7AD850022E8CC /* PaintDrawView.m */,
			);
			path = Normal;
			sourceTree = "<group>";
		};
		85A3930724F7B80D0022E8CC /* Design */ = {
			isa = PBXGroup;
			children = (
				85A3930824F8E4710022E8CC /* DesignCanvasViewController.h */,
				85A3930924F8E4710022E8CC /* DesignCanvasViewController.m */,
			);
			path = Design;
			sourceTree = "<group>";
		};
		85AFE17924F639F8000651B6 /* NetWork */ = {
			isa = PBXGroup;
			children = (
				85AFE17624F639F0000651B6 /* BaseNetWorkModel.h */,
				85AFE17724F639F0000651B6 /* BaseNetWorkModel.m */,
				85AFE17A24F63A89000651B6 /* ForwarDayModel.h */,
				85AFE17B24F63A89000651B6 /* ForwarDayModel.m */,
			);
			path = NetWork;
			sourceTree = "<group>";
		};
		85B9675424C3471700C0ACF8 /* Animation */ = {
			isa = PBXGroup;
			children = (
				85B9675524C3472500C0ACF8 /* BTDrawView.h */,
				85B9675624C3472500C0ACF8 /* BTDrawView.m */,
			);
			path = Animation;
			sourceTree = "<group>";
		};
		85C2980024CD6A2D00328FA3 /* 手动模拟KVO */ = {
			isa = PBXGroup;
			children = (
				85C2980224CD6A3C00328FA3 /* NSObject+KVOBlock.h */,
				85C2980324CD6A3C00328FA3 /* NSObject+KVOBlock.m */,
				85C2980124CD6A3C00328FA3 /* SWKVOObserverItem.h */,
				85C2980424CD6A3C00328FA3 /* SWKVOObserverItem.m */,
			);
			path = "手动模拟KVO";
			sourceTree = "<group>";
		};
		85C2980724CD6B9300328FA3 /* Sum */ = {
			isa = PBXGroup;
			children = (
				852D162825009C1200B84F87 /* 关联对象 */,
				44FFE088249F836A005D9C37 /* WebSocket */,
				44AEFF8F24AC3081005A7E58 /* KVO */,
			);
			path = Sum;
			sourceTree = "<group>";
		};
		A55285BD36C7D35B3850E248 /* Pods */ = {
			isa = PBXGroup;
			children = (
				6E8FF4A8C528E037358CF2E2 /* Pods-BackTracking.debug.xcconfig */,
				10D530B297DEAC283B8FBB1F /* Pods-BackTracking.release.xcconfig */,
				CA5DC03E655F96DC526415EA /* Pods-BackTracking.release.xcconfig */,
			);
			path = Pods;
			sourceTree = "<group>";
		};
		E9A383C01C6139AAA576C63B /* Frameworks */ = {
			isa = PBXGroup;
			children = (
				19AB194DA06ED9F0A80C8199 /* Pods_BackTracking.framework */,
			);
			name = Frameworks;
			sourceTree = "<group>";
		};
/* End PBXGroup section */

/* Begin PBXNativeTarget section */
		8519F429249358CC00528571 /* BackTracking */ = {
			isa = PBXNativeTarget;
			buildConfigurationList = 8519F443249358D100528571 /* Build configuration list for PBXNativeTarget "BackTracking" */;
			buildPhases = (
				FB11F3CD23159584D7FDE90F /* [CP] Check Pods Manifest.lock */,
				8519F426249358CC00528571 /* Sources */,
				8519F427249358CC00528571 /* Frameworks */,
				8519F428249358CC00528571 /* Resources */,
				7EEE37F713E7221975FF2E62 /* [CP] Embed Pods Frameworks */,
				654E17FA8793A4D6D2299E30 /* [CP] Copy Pods Resources */,
			);
			buildRules = (
			);
			dependencies = (
			);
			name = BackTracking;
			productName = BackTracking;
			productReference = 8519F42A249358CC00528571 /* BackTracking.app */;
			productType = "com.apple.product-type.application";
		};
/* End PBXNativeTarget section */

/* Begin PBXProject section */
		8519F422249358CC00528571 /* Project object */ = {
			isa = PBXProject;
			attributes = {
				LastUpgradeCheck = 1130;
				ORGANIZATIONNAME = newboy;
				TargetAttributes = {
					8519F429249358CC00528571 = {
						CreatedOnToolsVersion = 11.3;
					};
				};
			};
			buildConfigurationList = 8519F425249358CC00528571 /* Build configuration list for PBXProject "BackTracking" */;
			compatibilityVersion = "Xcode 9.3";
			developmentRegion = en;
			hasScannedForEncodings = 0;
			knownRegions = (
				en,
				Base,
			);
			mainGroup = 8519F421249358CC00528571;
			productRefGroup = 8519F42B249358CC00528571 /* Products */;
			projectDirPath = "";
			projectRoot = "";
			targets = (
				8519F429249358CC00528571 /* BackTracking */,
			);
		};
/* End PBXProject section */

/* Begin PBXResourcesBuildPhase section */
		8519F428249358CC00528571 /* Resources */ = {
			isa = PBXResourcesBuildPhase;
			buildActionMask = 2147483647;
			files = (
				8519F43D249358D100528571 /* LaunchScreen.storyboard in Resources */,
				8519F43A249358D100528571 /* Assets.xcassets in Resources */,
				8519F438249358CC00528571 /* Main.storyboard in Resources */,
				441178E424A10C31003FD7B2 /* 123.png in Resources */,
			);
			runOnlyForDeploymentPostprocessing = 0;
		};
/* End PBXResourcesBuildPhase section */

/* Begin PBXShellScriptBuildPhase section */
		654E17FA8793A4D6D2299E30 /* [CP] Copy Pods Resources */ = {
			isa = PBXShellScriptBuildPhase;
			buildActionMask = 2147483647;
			files = (
			);
			inputFileListPaths = (
			);
			inputPaths = (
			);
			name = "[CP] Copy Pods Resources";
			outputFileListPaths = (
			);
			outputPaths = (
			);
			runOnlyForDeploymentPostprocessing = 0;
			shellPath = /bin/sh;
			shellScript = "\"${SRCROOT}/Pods/Target Support Files/Pods-BackTracking/Pods-BackTracking-resources.sh\"\n";
			showEnvVarsInLog = 0;
		};
		7EEE37F713E7221975FF2E62 /* [CP] Embed Pods Frameworks */ = {
			isa = PBXShellScriptBuildPhase;
			buildActionMask = 2147483647;
			files = (
			);
			inputFileListPaths = (
			);
			inputPaths = (
			);
			name = "[CP] Embed Pods Frameworks";
			outputFileListPaths = (
			);
			outputPaths = (
			);
			runOnlyForDeploymentPostprocessing = 0;
			shellPath = /bin/sh;
			shellScript = "\"${SRCROOT}/Pods/Target Support Files/Pods-BackTracking/Pods-BackTracking-frameworks.sh\"\n";
			showEnvVarsInLog = 0;
		};
		FB11F3CD23159584D7FDE90F /* [CP] Check Pods Manifest.lock */ = {
			isa = PBXShellScriptBuildPhase;
			buildActionMask = 2147483647;
			files = (
			);
			inputFileListPaths = (
			);
			inputPaths = (
				"${PODS_PODFILE_DIR_PATH}/Podfile.lock",
				"${PODS_ROOT}/Manifest.lock",
			);
			name = "[CP] Check Pods Manifest.lock";
			outputFileListPaths = (
			);
			outputPaths = (
				"$(DERIVED_FILE_DIR)/Pods-BackTracking-checkManifestLockResult.txt",
			);
			runOnlyForDeploymentPostprocessing = 0;
			shellPath = /bin/sh;
			shellScript = "diff \"${PODS_ROOT}/../Podfile.lock\" \"${PODS_ROOT}/Manifest.lock\" > /dev/null\nif [ $? != 0 ] ; then\n    # print error to STDERR\n    echo \"error: The sandbox is not in sync with the Podfile.lock. Run 'pod install' or update your CocoaPods installation.\" >&2\n    exit 1\nfi\n";
			showEnvVarsInLog = 0;
		};
/* End PBXShellScriptBuildPhase section */

/* Begin PBXSourcesBuildPhase section */
		8519F426249358CC00528571 /* Sources */ = {
			isa = PBXSourcesBuildPhase;
			buildActionMask = 2147483647;
			files = (
				852D162E2502215300B84F87 /* WeakAssociatedObjectWrapper.m in Sources */,
				85AFE17C24F63A89000651B6 /* ForwarDayModel.m in Sources */,
				44FFE08F249F83C4005D9C37 /* WebSocketManager.m in Sources */,
				85898B0D24F413C9001E690C /* LXTestObj.m in Sources */,
				85B9675724C3472500C0ACF8 /* BTDrawView.m in Sources */,
				85A4519525023ACF000AB70B /* WeakSingleton.m in Sources */,
				44FFE08B249F8377005D9C37 /* SRWebSocket.m in Sources */,
				85C2980624CD6A3C00328FA3 /* SWKVOObserverItem.m in Sources */,
				44FFE092249F83DF005D9C37 /* BTWebSocketViewController.m in Sources */,
				85A45192250224C4000AB70B /* NSObject+WeakContainer.m in Sources */,
				44AEFF8E24AC2734005A7E58 /* nextViewController.m in Sources */,
				85A3930A24F8E4710022E8CC /* DesignCanvasViewController.m in Sources */,
				85AFE17524F611A5000651B6 /* TestView.m in Sources */,
				852D162725009A8600B84F87 /* NSObject+weakAssociatedPointer.m in Sources */,
				44AEFF8B24AC2494005A7E58 /* Student.m in Sources */,
				8519F435249358CC00528571 /* ViewController.m in Sources */,
				8519F42F249358CC00528571 /* AppDelegate.m in Sources */,
				852D16242500992800B84F87 /* NSObject+Weak.m in Sources */,
				85A3930524F7AD850022E8CC /* PaintDrawView.m in Sources */,
				85A392FF24F7AD5E0022E8CC /* PaintViewController.m in Sources */,
				852D1634250221AA00B84F87 /* NSObject+weakTwo.m in Sources */,
				859321F424FF7B750035C7DD /* NSObject+cat.m in Sources */,
				4B75022626453606002868C2 /* YogaViewController.m in Sources */,
				85C2980524CD6A3C00328FA3 /* NSObject+KVOBlock.m in Sources */,
				85AFE17824F639F0000651B6 /* BaseNetWorkModel.m in Sources */,
				85A3930224F7AD730022E8CC /* PaintButtonsView.m in Sources */,
				85A392FB24F7A4E50022E8CC /* SubStudent.m in Sources */,
				8519F440249358D100528571 /* main.m in Sources */,
				852D162B2500CEBD00B84F87 /* NSObject+Default.m in Sources */,
				851576DD24EE1EDB00446DE6 /* UIView+Expand.m in Sources */,
				8519F432249358CC00528571 /* SceneDelegate.m in Sources */,
			);
			runOnlyForDeploymentPostprocessing = 0;
		};
/* End PBXSourcesBuildPhase section */

/* Begin PBXVariantGroup section */
		8519F436249358CC00528571 /* Main.storyboard */ = {
			isa = PBXVariantGroup;
			children = (
				8519F437249358CC00528571 /* Base */,
			);
			name = Main.storyboard;
			sourceTree = "<group>";
		};
		8519F43B249358D100528571 /* LaunchScreen.storyboard */ = {
			isa = PBXVariantGroup;
			children = (
				8519F43C249358D100528571 /* Base */,
			);
			name = LaunchScreen.storyboard;
			sourceTree = "<group>";
		};
/* End PBXVariantGroup section */

/* Begin XCBuildConfiguration section */
		8519F441249358D100528571 /* Debug */ = {
			isa = XCBuildConfiguration;
			baseConfigurationReference = 6E8FF4A8C528E037358CF2E2 /* Pods-BackTracking.debug.xcconfig */;
			buildSettings = {
				ALWAYS_SEARCH_USER_PATHS = NO;
				CLANG_ANALYZER_NONNULL = YES;
				CLANG_ANALYZER_NUMBER_OBJECT_CONVERSION = YES_AGGRESSIVE;
				CLANG_CXX_LANGUAGE_STANDARD = "gnu++14";
				CLANG_CXX_LIBRARY = "libc++";
				CLANG_ENABLE_MODULES = YES;
				CLANG_ENABLE_OBJC_ARC = YES;
				CLANG_ENABLE_OBJC_WEAK = YES;
				CLANG_WARN_BLOCK_CAPTURE_AUTORELEASING = YES;
				CLANG_WARN_BOOL_CONVERSION = YES;
				CLANG_WARN_COMMA = YES;
				CLANG_WARN_CONSTANT_CONVERSION = YES;
				CLANG_WARN_DEPRECATED_OBJC_IMPLEMENTATIONS = YES;
				CLANG_WARN_DIRECT_OBJC_ISA_USAGE = YES_ERROR;
				CLANG_WARN_DOCUMENTATION_COMMENTS = YES;
				CLANG_WARN_EMPTY_BODY = YES;
				CLANG_WARN_ENUM_CONVERSION = YES;
				CLANG_WARN_INFINITE_RECURSION = YES;
				CLANG_WARN_INT_CONVERSION = YES;
				CLANG_WARN_NON_LITERAL_NULL_CONVERSION = YES;
				CLANG_WARN_OBJC_IMPLICIT_RETAIN_SELF = YES;
				CLANG_WARN_OBJC_LITERAL_CONVERSION = YES;
				CLANG_WARN_OBJC_ROOT_CLASS = YES_ERROR;
				CLANG_WARN_RANGE_LOOP_ANALYSIS = YES;
				CLANG_WARN_STRICT_PROTOTYPES = YES;
				CLANG_WARN_SUSPICIOUS_MOVE = YES;
				CLANG_WARN_UNGUARDED_AVAILABILITY = YES_AGGRESSIVE;
				CLANG_WARN_UNREACHABLE_CODE = YES;
				CLANG_WARN__DUPLICATE_METHOD_MATCH = YES;
				COPY_PHASE_STRIP = NO;
				DEBUG_INFORMATION_FORMAT = dwarf;
				ENABLE_STRICT_OBJC_MSGSEND = YES;
				ENABLE_TESTABILITY = YES;
				GCC_C_LANGUAGE_STANDARD = gnu11;
				GCC_DYNAMIC_NO_PIC = NO;
				GCC_NO_COMMON_BLOCKS = YES;
				GCC_OPTIMIZATION_LEVEL = 0;
				GCC_PREPROCESSOR_DEFINITIONS = (
					"DEBUG=1",
					"$(inherited)",
				);
				GCC_WARN_64_TO_32_BIT_CONVERSION = YES;
				GCC_WARN_ABOUT_RETURN_TYPE = YES_ERROR;
				GCC_WARN_UNDECLARED_SELECTOR = YES;
				GCC_WARN_UNINITIALIZED_AUTOS = YES_AGGRESSIVE;
				GCC_WARN_UNUSED_FUNCTION = YES;
				GCC_WARN_UNUSED_VARIABLE = YES;
				IPHONEOS_DEPLOYMENT_TARGET = 13.2;
				MTL_ENABLE_DEBUG_INFO = INCLUDE_SOURCE;
				MTL_FAST_MATH = YES;
				ONLY_ACTIVE_ARCH = YES;
				SDKROOT = iphoneos;
			};
			name = Debug;
		};
		8519F442249358D100528571 /* Release */ = {
			isa = XCBuildConfiguration;
			baseConfigurationReference = 10D530B297DEAC283B8FBB1F /* Pods-BackTracking.release.xcconfig */;
			buildSettings = {
				ALWAYS_SEARCH_USER_PATHS = NO;
				CLANG_ANALYZER_NONNULL = YES;
				CLANG_ANALYZER_NUMBER_OBJECT_CONVERSION = YES_AGGRESSIVE;
				CLANG_CXX_LANGUAGE_STANDARD = "gnu++14";
				CLANG_CXX_LIBRARY = "libc++";
				CLANG_ENABLE_MODULES = YES;
				CLANG_ENABLE_OBJC_ARC = YES;
				CLANG_ENABLE_OBJC_WEAK = YES;
				CLANG_WARN_BLOCK_CAPTURE_AUTORELEASING = YES;
				CLANG_WARN_BOOL_CONVERSION = YES;
				CLANG_WARN_COMMA = YES;
				CLANG_WARN_CONSTANT_CONVERSION = YES;
				CLANG_WARN_DEPRECATED_OBJC_IMPLEMENTATIONS = YES;
				CLANG_WARN_DIRECT_OBJC_ISA_USAGE = YES_ERROR;
				CLANG_WARN_DOCUMENTATION_COMMENTS = YES;
				CLANG_WARN_EMPTY_BODY = YES;
				CLANG_WARN_ENUM_CONVERSION = YES;
				CLANG_WARN_INFINITE_RECURSION = YES;
				CLANG_WARN_INT_CONVERSION = YES;
				CLANG_WARN_NON_LITERAL_NULL_CONVERSION = YES;
				CLANG_WARN_OBJC_IMPLICIT_RETAIN_SELF = YES;
				CLANG_WARN_OBJC_LITERAL_CONVERSION = YES;
				CLANG_WARN_OBJC_ROOT_CLASS = YES_ERROR;
				CLANG_WARN_RANGE_LOOP_ANALYSIS = YES;
				CLANG_WARN_STRICT_PROTOTYPES = YES;
				CLANG_WARN_SUSPICIOUS_MOVE = YES;
				CLANG_WARN_UNGUARDED_AVAILABILITY = YES_AGGRESSIVE;
				CLANG_WARN_UNREACHABLE_CODE = YES;
				CLANG_WARN__DUPLICATE_METHOD_MATCH = YES;
				COPY_PHASE_STRIP = NO;
				DEBUG_INFORMATION_FORMAT = "dwarf-with-dsym";
				ENABLE_NS_ASSERTIONS = NO;
				ENABLE_STRICT_OBJC_MSGSEND = YES;
				GCC_C_LANGUAGE_STANDARD = gnu11;
				GCC_NO_COMMON_BLOCKS = YES;
				GCC_WARN_64_TO_32_BIT_CONVERSION = YES;
				GCC_WARN_ABOUT_RETURN_TYPE = YES_ERROR;
				GCC_WARN_UNDECLARED_SELECTOR = YES;
				GCC_WARN_UNINITIALIZED_AUTOS = YES_AGGRESSIVE;
				GCC_WARN_UNUSED_FUNCTION = YES;
				GCC_WARN_UNUSED_VARIABLE = YES;
				IPHONEOS_DEPLOYMENT_TARGET = 13.2;
				MTL_ENABLE_DEBUG_INFO = NO;
				MTL_FAST_MATH = YES;
				SDKROOT = iphoneos;
				VALIDATE_PRODUCT = YES;
			};
			name = Release;
		};
		8519F444249358D100528571 /* Debug */ = {
			isa = XCBuildConfiguration;
			buildSettings = {
				ASSETCATALOG_COMPILER_APPICON_NAME = AppIcon;
				CODE_SIGN_STYLE = Automatic;
				DEBUG_INFORMATION_FORMAT = "dwarf-with-dsym";
				DEVELOPMENT_TEAM = 3PQNBBA9BL;
				INFOPLIST_FILE = BackTracking/Info.plist;
				IPHONEOS_DEPLOYMENT_TARGET = 10.0;
				LD_RUNPATH_SEARCH_PATHS = (
					"$(inherited)",
					"@executable_path/Frameworks",
				);
				PRODUCT_BUNDLE_IDENTIFIER = com.alphayee.cn.BackTracking;
				PRODUCT_NAME = "$(TARGET_NAME)";
				TARGETED_DEVICE_FAMILY = "1,2";
			};
			name = Debug;
		};
		8519F445249358D100528571 /* Release */ = {
			isa = XCBuildConfiguration;
			baseConfigurationReference = CA5DC03E655F96DC526415EA /* Pods-BackTracking.release.xcconfig */;
			buildSettings = {
				ASSETCATALOG_COMPILER_APPICON_NAME = AppIcon;
				CODE_SIGN_STYLE = Automatic;
				DEVELOPMENT_TEAM = 3PQNBBA9BL;
				INFOPLIST_FILE = BackTracking/Info.plist;
				IPHONEOS_DEPLOYMENT_TARGET = 10.0;
				LD_RUNPATH_SEARCH_PATHS = (
					"$(inherited)",
					"@executable_path/Frameworks",
				);
				PRODUCT_BUNDLE_IDENTIFIER = com.alphayee.cn.BackTracking;
				PRODUCT_NAME = "$(TARGET_NAME)";
				TARGETED_DEVICE_FAMILY = "1,2";
			};
			name = Release;
		};
/* End XCBuildConfiguration section */

/* Begin XCConfigurationList section */
		8519F425249358CC00528571 /* Build configuration list for PBXProject "BackTracking" */ = {
			isa = XCConfigurationList;
			buildConfigurations = (
				8519F441249358D100528571 /* Debug */,
				8519F442249358D100528571 /* Release */,
			);
			defaultConfigurationIsVisible = 0;
			defaultConfigurationName = Release;
		};
		8519F443249358D100528571 /* Build configuration list for PBXNativeTarget "BackTracking" */ = {
			isa = XCConfigurationList;
			buildConfigurations = (
				8519F444249358D100528571 /* Debug */,
				8519F445249358D100528571 /* Release */,
			);
			defaultConfigurationIsVisible = 0;
			defaultConfigurationName = Release;
		};
/* End XCConfigurationList section */
	};
	rootObject = 8519F422249358CC00528571 /* Project object */;
}
